
Microsoft Visual Studio Solution File, Format Version 12.00
# Visual Studio Version 17
VisualStudioVersion = 17.14.36616.10 d17.14
MinimumVisualStudioVersion = 10.0.40219.1
Project("{FAE04EC0-301F-11D3-BF4B-00C04F79EFBC}") = "Laba", "Laba.csproj", "{BE9D2D0B-F5D7-4128-BFD1-4AE1A7A2CDE7}"
EndProject
Global
	GlobalSection(SolutionConfigurationPlatforms) = preSolution
		Debug|Any CPU = Debug|Any CPU
		Release|Any CPU = Release|Any CPU
	EndGlobalSection
	GlobalSection(ProjectConfigurationPlatforms) = postSolution
		{BE9D2D0B-F5D7-4128-BFD1-4AE1A7A2CDE7}.Debug|Any CPU.ActiveCfg = Debug|Any CPU
		{BE9D2D0B-F5D7-4128-BFD1-4AE1A7A2CDE7}.Debug|Any CPU.Build.0 = Debug|Any CPU
		{BE9D2D0B-F5D7-4128-BFD1-4AE1A7A2CDE7}.Release|Any CPU.ActiveCfg = Release|Any CPU
		{BE9D2D0B-F5D7-4128-BFD1-4AE1A7A2CDE7}.Release|Any CPU.Build.0 = Release|Any CPU
	EndGlobalSection
	GlobalSection(SolutionProperties) = preSolution
		HideSolutionNode = FALSE
	EndGlobalSection
	GlobalSection(ExtensibilityGlobals) = postSolution
		SolutionGuid = {AF576DDB-C2B8-4AD5-A911-B3E76481A5DB}
	EndGlobalSection
EndGlobal
